
Microsoft Visual Studio Solution File, Format Version 12.00
# Visual Studio Version 17
VisualStudioVersion = 17.14.36109.1 d17.14
MinimumVisualStudioVersion = 10.0.40219.1
Project("{FAE04EC0-301F-11D3-BF4B-00C04F79EFBC}") = "Individuella projekt 1 To-doList", "Individuella projekt 1 To-doList.csproj", "{522C82F7-9A1C-40C0-948D-6A9147A82AF0}"
EndProject
Global
	GlobalSection(SolutionConfigurationPlatforms) = preSolution
		Debug|Any CPU = Debug|Any CPU
		Release|Any CPU = Release|Any CPU
	EndGlobalSection
	GlobalSection(ProjectConfigurationPlatforms) = postSolution
		{522C82F7-9A1C-40C0-948D-6A9147A82AF0}.Debug|Any CPU.ActiveCfg = Debug|Any CPU
		{522C82F7-9A1C-40C0-948D-6A9147A82AF0}.Debug|Any CPU.Build.0 = Debug|Any CPU
		{522C82F7-9A1C-40C0-948D-6A9147A82AF0}.Release|Any CPU.ActiveCfg = Release|Any CPU
		{522C82F7-9A1C-40C0-948D-6A9147A82AF0}.Release|Any CPU.Build.0 = Release|Any CPU
	EndGlobalSection
	GlobalSection(SolutionProperties) = preSolution
		HideSolutionNode = FALSE
	EndGlobalSection
	GlobalSection(ExtensibilityGlobals) = postSolution
		SolutionGuid = {BB110720-8158-44EA-B49E-55A3FD54DB00}
	EndGlobalSection
EndGlobal
